
Microsoft Visual Studio Solution File, Format Version 12.00
# Visual Studio Version 16
VisualStudioVersion = 16.0.31019.35
MinimumVisualStudioVersion = 10.0.40219.1
Project("{2150E333-8FDC-42A3-9474-1A3956D46DE8}") = "Libraries", "Libraries", "{E4ACA93B-D3DE-4557-B069-F1DB42925A4B}"
EndProject
Project("{2150E333-8FDC-42A3-9474-1A3956D46DE8}") = "Presentation", "Presentation", "{B09156FB-8291-46A2-AF37-67CE97CFB5A6}"
EndProject
Project("{9A19103F-16F7-4668-BE54-9A1E7A4F7556}") = "GS.Core", "Libraries\GS.Core\GS.Core.csproj", "{6BDA8332-939F-45B7-A25E-7A797260AE59}"
EndProject
Project("{9A19103F-16F7-4668-BE54-9A1E7A4F7556}") = "GS.Data", "Libraries\GS.Data\GS.Data.csproj", "{CCD7F2C9-6A2C-4CF0-8E89-076B8FC0F144}"
EndProject
Project("{9A19103F-16F7-4668-BE54-9A1E7A4F7556}") = "GS.Services", "Libraries\GS.Services\GS.Services.csproj", "{210541AD-F659-47DA-8763-16F36C5CD2F4}"
EndProject
Project("{9A19103F-16F7-4668-BE54-9A1E7A4F7556}") = "GS.Web", "Presentation\GS.Web\GS.Web.csproj", "{11E40F67-13E4-4D88-AF38-3B98DB7A7856}"
EndProject
Project("{9A19103F-16F7-4668-BE54-9A1E7A4F7556}") = "GS.Web.Framework", "Presentation\GS.Web.Framework\GS.Web.Framework.csproj", "{74CD9079-8FA5-4775-804E-5B843B1C3CFF}"
EndProject
Project("{9A19103F-16F7-4668-BE54-9A1E7A4F7556}") = "GS.WebApi", "Presentation\GS.WebApi\GS.WebApi.csproj", "{3D0AE217-9E03-4D45-8534-E4FF9048F419}"
EndProject
Project("{9A19103F-16F7-4668-BE54-9A1E7A4F7556}") = "GS.WebTool", "Presentation\GS.WebTool\GS.WebTool.csproj", "{E8E5286B-2A6B-4799-884A-8CE313A56D08}"
EndProject
Project("{FAE04EC0-301F-11D3-BF4B-00C04F79EFBC}") = "GS.NewAPI", "GS.NewAPI\GS.NewAPI.csproj", "{3ED8E733-A8C4-4DDD-863C-D278424F53C6}"
EndProject
Global
	GlobalSection(SolutionConfigurationPlatforms) = preSolution
		Debug|Any CPU = Debug|Any CPU
		Debug|Mixed Platforms = Debug|Mixed Platforms
		Debug|x86 = Debug|x86
		Release|Any CPU = Release|Any CPU
		Release|Mixed Platforms = Release|Mixed Platforms
		Release|x86 = Release|x86
	EndGlobalSection
	GlobalSection(ProjectConfigurationPlatforms) = postSolution
		{6BDA8332-939F-45B7-A25E-7A797260AE59}.Debug|Any CPU.ActiveCfg = Debug|Any CPU
		{6BDA8332-939F-45B7-A25E-7A797260AE59}.Debug|Any CPU.Build.0 = Debug|Any CPU
		{6BDA8332-939F-45B7-A25E-7A797260AE59}.Debug|Mixed Platforms.ActiveCfg = Debug|Any CPU
		{6BDA8332-939F-45B7-A25E-7A797260AE59}.Debug|Mixed Platforms.Build.0 = Debug|Any CPU
		{6BDA8332-939F-45B7-A25E-7A797260AE59}.Debug|x86.ActiveCfg = Debug|Any CPU
		{6BDA8332-939F-45B7-A25E-7A797260AE59}.Release|Any CPU.ActiveCfg = Release|Any CPU
		{6BDA8332-939F-45B7-A25E-7A797260AE59}.Release|Any CPU.Build.0 = Release|Any CPU
		{6BDA8332-939F-45B7-A25E-7A797260AE59}.Release|Mixed Platforms.ActiveCfg = Release|Any CPU
		{6BDA8332-939F-45B7-A25E-7A797260AE59}.Release|Mixed Platforms.Build.0 = Release|Any CPU
		{6BDA8332-939F-45B7-A25E-7A797260AE59}.Release|x86.ActiveCfg = Release|Any CPU
		{CCD7F2C9-6A2C-4CF0-8E89-076B8FC0F144}.Debug|Any CPU.ActiveCfg = Debug|Any CPU
		{CCD7F2C9-6A2C-4CF0-8E89-076B8FC0F144}.Debug|Any CPU.Build.0 = Debug|Any CPU
		{CCD7F2C9-6A2C-4CF0-8E89-076B8FC0F144}.Debug|Mixed Platforms.ActiveCfg = Debug|Any CPU
		{CCD7F2C9-6A2C-4CF0-8E89-076B8FC0F144}.Debug|Mixed Platforms.Build.0 = Debug|Any CPU
		{CCD7F2C9-6A2C-4CF0-8E89-076B8FC0F144}.Debug|x86.ActiveCfg = Debug|Any CPU
		{CCD7F2C9-6A2C-4CF0-8E89-076B8FC0F144}.Release|Any CPU.ActiveCfg = Release|Any CPU
		{CCD7F2C9-6A2C-4CF0-8E89-076B8FC0F144}.Release|Any CPU.Build.0 = Release|Any CPU
		{CCD7F2C9-6A2C-4CF0-8E89-076B8FC0F144}.Release|Mixed Platforms.ActiveCfg = Release|Any CPU
		{CCD7F2C9-6A2C-4CF0-8E89-076B8FC0F144}.Release|Mixed Platforms.Build.0 = Release|Any CPU
		{CCD7F2C9-6A2C-4CF0-8E89-076B8FC0F144}.Release|x86.ActiveCfg = Release|Any CPU
		{210541AD-F659-47DA-8763-16F36C5CD2F4}.Debug|Any CPU.ActiveCfg = Debug|Any CPU
		{210541AD-F659-47DA-8763-16F36C5CD2F4}.Debug|Any CPU.Build.0 = Debug|Any CPU
		{210541AD-F659-47DA-8763-16F36C5CD2F4}.Debug|Mixed Platforms.ActiveCfg = Debug|Any CPU
		{210541AD-F659-47DA-8763-16F36C5CD2F4}.Debug|Mixed Platforms.Build.0 = Debug|Any CPU
		{210541AD-F659-47DA-8763-16F36C5CD2F4}.Debug|x86.ActiveCfg = Debug|Any CPU
		{210541AD-F659-47DA-8763-16F36C5CD2F4}.Release|Any CPU.ActiveCfg = Release|Any CPU
		{210541AD-F659-47DA-8763-16F36C5CD2F4}.Release|Any CPU.Build.0 = Release|Any CPU
		{210541AD-F659-47DA-8763-16F36C5CD2F4}.Release|Mixed Platforms.ActiveCfg = Release|Any CPU
		{210541AD-F659-47DA-8763-16F36C5CD2F4}.Release|Mixed Platforms.Build.0 = Release|Any CPU
		{210541AD-F659-47DA-8763-16F36C5CD2F4}.Release|x86.ActiveCfg = Release|Any CPU
		{11E40F67-13E4-4D88-AF38-3B98DB7A7856}.Debug|Any CPU.ActiveCfg = Debug|Any CPU
		{11E40F67-13E4-4D88-AF38-3B98DB7A7856}.Debug|Any CPU.Build.0 = Debug|Any CPU
		{11E40F67-13E4-4D88-AF38-3B98DB7A7856}.Debug|Mixed Platforms.ActiveCfg = Debug|Any CPU
		{11E40F67-13E4-4D88-AF38-3B98DB7A7856}.Debug|Mixed Platforms.Build.0 = Debug|Any CPU
		{11E40F67-13E4-4D88-AF38-3B98DB7A7856}.Debug|x86.ActiveCfg = Debug|Any CPU
		{11E40F67-13E4-4D88-AF38-3B98DB7A7856}.Debug|x86.Build.0 = Debug|Any CPU
		{11E40F67-13E4-4D88-AF38-3B98DB7A7856}.Release|Any CPU.ActiveCfg = Release|Any CPU
		{11E40F67-13E4-4D88-AF38-3B98DB7A7856}.Release|Any CPU.Build.0 = Release|Any CPU
		{11E40F67-13E4-4D88-AF38-3B98DB7A7856}.Release|Mixed Platforms.ActiveCfg = Release|Any CPU
		{11E40F67-13E4-4D88-AF38-3B98DB7A7856}.Release|Mixed Platforms.Build.0 = Release|Any CPU
		{11E40F67-13E4-4D88-AF38-3B98DB7A7856}.Release|x86.ActiveCfg = Release|Any CPU
		{11E40F67-13E4-4D88-AF38-3B98DB7A7856}.Release|x86.Build.0 = Release|Any CPU
		{74CD9079-8FA5-4775-804E-5B843B1C3CFF}.Debug|Any CPU.ActiveCfg = Debug|Any CPU
		{74CD9079-8FA5-4775-804E-5B843B1C3CFF}.Debug|Any CPU.Build.0 = Debug|Any CPU
		{74CD9079-8FA5-4775-804E-5B843B1C3CFF}.Debug|Mixed Platforms.ActiveCfg = Debug|Any CPU
		{74CD9079-8FA5-4775-804E-5B843B1C3CFF}.Debug|Mixed Platforms.Build.0 = Debug|Any CPU
		{74CD9079-8FA5-4775-804E-5B843B1C3CFF}.Debug|x86.ActiveCfg = Debug|Any CPU
		{74CD9079-8FA5-4775-804E-5B843B1C3CFF}.Debug|x86.Build.0 = Debug|Any CPU
		{74CD9079-8FA5-4775-804E-5B843B1C3CFF}.Release|Any CPU.ActiveCfg = Release|Any CPU
		{74CD9079-8FA5-4775-804E-5B843B1C3CFF}.Release|Any CPU.Build.0 = Release|Any CPU
		{74CD9079-8FA5-4775-804E-5B843B1C3CFF}.Release|Mixed Platforms.ActiveCfg = Release|Any CPU
		{74CD9079-8FA5-4775-804E-5B843B1C3CFF}.Release|Mixed Platforms.Build.0 = Release|Any CPU
		{74CD9079-8FA5-4775-804E-5B843B1C3CFF}.Release|x86.ActiveCfg = Release|Any CPU
		{74CD9079-8FA5-4775-804E-5B843B1C3CFF}.Release|x86.Build.0 = Release|Any CPU
		{3D0AE217-9E03-4D45-8534-E4FF9048F419}.Debug|Any CPU.ActiveCfg = Debug|Any CPU
		{3D0AE217-9E03-4D45-8534-E4FF9048F419}.Debug|Any CPU.Build.0 = Debug|Any CPU
		{3D0AE217-9E03-4D45-8534-E4FF9048F419}.Debug|Mixed Platforms.ActiveCfg = Debug|Any CPU
		{3D0AE217-9E03-4D45-8534-E4FF9048F419}.Debug|Mixed Platforms.Build.0 = Debug|Any CPU
		{3D0AE217-9E03-4D45-8534-E4FF9048F419}.Debug|x86.ActiveCfg = Debug|Any CPU
		{3D0AE217-9E03-4D45-8534-E4FF9048F419}.Debug|x86.Build.0 = Debug|Any CPU
		{3D0AE217-9E03-4D45-8534-E4FF9048F419}.Release|Any CPU.ActiveCfg = Release|Any CPU
		{3D0AE217-9E03-4D45-8534-E4FF9048F419}.Release|Any CPU.Build.0 = Release|Any CPU
		{3D0AE217-9E03-4D45-8534-E4FF9048F419}.Release|Mixed Platforms.ActiveCfg = Release|Any CPU
		{3D0AE217-9E03-4D45-8534-E4FF9048F419}.Release|Mixed Platforms.Build.0 = Release|Any CPU
		{3D0AE217-9E03-4D45-8534-E4FF9048F419}.Release|x86.ActiveCfg = Release|Any CPU
		{3D0AE217-9E03-4D45-8534-E4FF9048F419}.Release|x86.Build.0 = Release|Any CPU
		{E8E5286B-2A6B-4799-884A-8CE313A56D08}.Debug|Any CPU.ActiveCfg = Debug|Any CPU
		{E8E5286B-2A6B-4799-884A-8CE313A56D08}.Debug|Any CPU.Build.0 = Debug|Any CPU
		{E8E5286B-2A6B-4799-884A-8CE313A56D08}.Debug|Mixed Platforms.ActiveCfg = Debug|Any CPU
		{E8E5286B-2A6B-4799-884A-8CE313A56D08}.Debug|Mixed Platforms.Build.0 = Debug|Any CPU
		{E8E5286B-2A6B-4799-884A-8CE313A56D08}.Debug|x86.ActiveCfg = Debug|Any CPU
		{E8E5286B-2A6B-4799-884A-8CE313A56D08}.Debug|x86.Build.0 = Debug|Any CPU
		{E8E5286B-2A6B-4799-884A-8CE313A56D08}.Release|Any CPU.ActiveCfg = Release|Any CPU
		{E8E5286B-2A6B-4799-884A-8CE313A56D08}.Release|Any CPU.Build.0 = Release|Any CPU
		{E8E5286B-2A6B-4799-884A-8CE313A56D08}.Release|Mixed Platforms.ActiveCfg = Release|Any CPU
		{E8E5286B-2A6B-4799-884A-8CE313A56D08}.Release|Mixed Platforms.Build.0 = Release|Any CPU
		{E8E5286B-2A6B-4799-884A-8CE313A56D08}.Release|x86.ActiveCfg = Release|Any CPU
		{E8E5286B-2A6B-4799-884A-8CE313A56D08}.Release|x86.Build.0 = Release|Any CPU
		{3ED8E733-A8C4-4DDD-863C-D278424F53C6}.Debug|Any CPU.ActiveCfg = Debug|Any CPU
		{3ED8E733-A8C4-4DDD-863C-D278424F53C6}.Debug|Any CPU.Build.0 = Debug|Any CPU
		{3ED8E733-A8C4-4DDD-863C-D278424F53C6}.Debug|Mixed Platforms.ActiveCfg = Debug|Any CPU
		{3ED8E733-A8C4-4DDD-863C-D278424F53C6}.Debug|Mixed Platforms.Build.0 = Debug|Any CPU
		{3ED8E733-A8C4-4DDD-863C-D278424F53C6}.Debug|x86.ActiveCfg = Debug|Any CPU
		{3ED8E733-A8C4-4DDD-863C-D278424F53C6}.Debug|x86.Build.0 = Debug|Any CPU
		{3ED8E733-A8C4-4DDD-863C-D278424F53C6}.Release|Any CPU.ActiveCfg = Release|Any CPU
		{3ED8E733-A8C4-4DDD-863C-D278424F53C6}.Release|Any CPU.Build.0 = Release|Any CPU
		{3ED8E733-A8C4-4DDD-863C-D278424F53C6}.Release|Mixed Platforms.ActiveCfg = Release|Any CPU
		{3ED8E733-A8C4-4DDD-863C-D278424F53C6}.Release|Mixed Platforms.Build.0 = Release|Any CPU
		{3ED8E733-A8C4-4DDD-863C-D278424F53C6}.Release|x86.ActiveCfg = Release|Any CPU
		{3ED8E733-A8C4-4DDD-863C-D278424F53C6}.Release|x86.Build.0 = Release|Any CPU
	EndGlobalSection
	GlobalSection(SolutionProperties) = preSolution
		HideSolutionNode = FALSE
	EndGlobalSection
	GlobalSection(NestedProjects) = preSolution
		{6BDA8332-939F-45B7-A25E-7A797260AE59} = {E4ACA93B-D3DE-4557-B069-F1DB42925A4B}
		{CCD7F2C9-6A2C-4CF0-8E89-076B8FC0F144} = {E4ACA93B-D3DE-4557-B069-F1DB42925A4B}
		{210541AD-F659-47DA-8763-16F36C5CD2F4} = {E4ACA93B-D3DE-4557-B069-F1DB42925A4B}
		{11E40F67-13E4-4D88-AF38-3B98DB7A7856} = {B09156FB-8291-46A2-AF37-67CE97CFB5A6}
		{74CD9079-8FA5-4775-804E-5B843B1C3CFF} = {B09156FB-8291-46A2-AF37-67CE97CFB5A6}
		{3D0AE217-9E03-4D45-8534-E4FF9048F419} = {B09156FB-8291-46A2-AF37-67CE97CFB5A6}
		{E8E5286B-2A6B-4799-884A-8CE313A56D08} = {B09156FB-8291-46A2-AF37-67CE97CFB5A6}
		{3ED8E733-A8C4-4DDD-863C-D278424F53C6} = {B09156FB-8291-46A2-AF37-67CE97CFB5A6}
	EndGlobalSection
	GlobalSection(ExtensibilityGlobals) = postSolution
		SolutionGuid = {EE72A8B2-332A-4175-9319-6726D36E9D25}
	EndGlobalSection
	GlobalSection(TeamFoundationVersionControl) = preSolution
		SccNumberOfProjects = 9
		SccEnterpriseProvider = {4CA58AB2-18FA-4F8D-95D4-32DDF27D184C}
		SccTeamFoundationServer = http://192.168.1.6:6080/gsolutioncollection
		SccLocalPath0 = .
		SccProjectUniqueName1 = Libraries\\GS.Core\\GS.Core.csproj
		SccProjectTopLevelParentUniqueName1 = QLDKTS2020.sln
		SccProjectName1 = Libraries/GS.Core
		SccLocalPath1 = Libraries\\GS.Core
		SccProjectUniqueName2 = Libraries\\GS.Data\\GS.Data.csproj
		SccProjectTopLevelParentUniqueName2 = QLDKTS2020.sln
		SccProjectName2 = Libraries/GS.Data
		SccLocalPath2 = Libraries\\GS.Data
		SccProjectUniqueName3 = Libraries\\GS.Services\\GS.Services.csproj
		SccProjectTopLevelParentUniqueName3 = QLDKTS2020.sln
		SccProjectName3 = Libraries/GS.Services
		SccLocalPath3 = Libraries\\GS.Services
		SccProjectUniqueName4 = Presentation\\GS.Web\\GS.Web.csproj
		SccProjectTopLevelParentUniqueName4 = QLDKTS2020.sln
		SccProjectName4 = Presentation/GS.Web
		SccLocalPath4 = Presentation\\GS.Web
		SccProjectUniqueName5 = Presentation\\GS.Web.Framework\\GS.Web.Framework.csproj
		SccProjectTopLevelParentUniqueName5 = QLDKTS2020.sln
		SccProjectName5 = Presentation/GS.Web.Framework
		SccLocalPath5 = Presentation\\GS.Web.Framework
		SccProjectUniqueName6 = Presentation\\GS.WebApi\\GS.WebApi.csproj
		SccProjectTopLevelParentUniqueName6 = QLDKTS2020.sln
		SccProjectName6 = Presentation/GS.WebApi
		SccLocalPath6 = Presentation\\GS.WebApi
		SccProjectUniqueName7 = Presentation\\GS.WebTool\\GS.WebTool.csproj
		SccProjectTopLevelParentUniqueName7 = QLDKTS2020.sln
		SccProjectName7 = Presentation/GS.WebTool
		SccLocalPath7 = Presentation\\GS.WebTool
		SccProjectUniqueName8 = GS.NewAPI\\GS.NewAPI.csproj
		SccProjectTopLevelParentUniqueName8 = QLDKTS2020.sln
		SccProjectName8 = GS.NewAPI
		SccLocalPath8 = GS.NewAPI
	EndGlobalSection
	GlobalSection(NDepend) = preSolution
		Project = ".\GSCommerce.ndproj"
	EndGlobalSection
EndGlobal
